
Microsoft Visual Studio Solution File, Format Version 12.00
# Visual Studio Version 17
VisualStudioVersion = 17.3.32825.248
MinimumVisualStudioVersion = 10.0.40219.1
Project("{FAE04EC0-301F-11D3-BF4B-00C04F79EFBC}") = "Storage.App.MVC", "Storage.App.MVC\Storage.App.MVC.csproj", "{24F23FBF-7006-41E9-9630-0ADB8D59D6FE}"
EndProject
Global
	GlobalSection(SolutionConfigurationPlatforms) = preSolution
		Debug|Any CPU = Debug|Any CPU
		Release|Any CPU = Release|Any CPU
	EndGlobalSection
	GlobalSection(ProjectConfigurationPlatforms) = postSolution
		{24F23FBF-7006-41E9-9630-0ADB8D59D6FE}.Debug|Any CPU.ActiveCfg = Debug|Any CPU
		{24F23FBF-7006-41E9-9630-0ADB8D59D6FE}.Debug|Any CPU.Build.0 = Debug|Any CPU
		{24F23FBF-7006-41E9-9630-0ADB8D59D6FE}.Release|Any CPU.ActiveCfg = Release|Any CPU
		{24F23FBF-7006-41E9-9630-0ADB8D59D6FE}.Release|Any CPU.Build.0 = Release|Any CPU
	EndGlobalSection
	GlobalSection(SolutionProperties) = preSolution
		HideSolutionNode = FALSE
	EndGlobalSection
	GlobalSection(ExtensibilityGlobals) = postSolution
		SolutionGuid = {2187B3D2-47CA-4083-BB6F-694E7DE65261}
	EndGlobalSection
EndGlobal
